
Microsoft Visual Studio Solution File, Format Version 12.00
# Visual Studio 15
VisualStudioVersion = 15.0.27428.2037
MinimumVisualStudioVersion = 10.0.40219.1
Project("{2150E333-8FDC-42A3-9474-1A3956D46DE8}") = "Libraries", "Libraries", "{50FC7FE8-E5D9-48CE-90BF-C849E377C243}"
EndProject
Project("{FAE04EC0-301F-11D3-BF4B-00C04F79EFBC}") = "ConferenceBuddy.Bot", "ConferenceBuddy.Bot\ConferenceBuddy.Bot.csproj", "{5E42ABC8-FE4C-46AE-B028-9AEF737D1D32}"
EndProject
Project("{9A19103F-16F7-4668-BE54-9A1E7A4F7556}") = "ConferenceBuddy.BotBrain", "ConferenceBuddy.BotBrain\ConferenceBuddy.BotBrain.csproj", "{D4B16B53-B8E8-4C89-B19C-EDC7FEF6A73D}"
EndProject
Project("{FAE04EC0-301F-11D3-BF4B-00C04F79EFBC}") = "ConferenceBuddy.Common", "ConferenceBuddy.Common\ConferenceBuddy.Common.csproj", "{2D138055-E56F-4790-ADFC-D3BA2353E19D}"
EndProject
Project("{FAE04EC0-301F-11D3-BF4B-00C04F79EFBC}") = "ConferenceBuddy.Core", "ConferenceBuddy.Core\ConferenceBuddy.Core.csproj", "{E6ACECB9-9EC2-43FE-A31D-C55BF16B5A2C}"
EndProject
Global
	GlobalSection(SolutionConfigurationPlatforms) = preSolution
		Debug|Any CPU = Debug|Any CPU
		Release|Any CPU = Release|Any CPU
	EndGlobalSection
	GlobalSection(ProjectConfigurationPlatforms) = postSolution
		{5E42ABC8-FE4C-46AE-B028-9AEF737D1D32}.Debug|Any CPU.ActiveCfg = Debug|Any CPU
		{5E42ABC8-FE4C-46AE-B028-9AEF737D1D32}.Debug|Any CPU.Build.0 = Debug|Any CPU
		{5E42ABC8-FE4C-46AE-B028-9AEF737D1D32}.Release|Any CPU.ActiveCfg = Release|Any CPU
		{5E42ABC8-FE4C-46AE-B028-9AEF737D1D32}.Release|Any CPU.Build.0 = Release|Any CPU
		{D4B16B53-B8E8-4C89-B19C-EDC7FEF6A73D}.Debug|Any CPU.ActiveCfg = Debug|Any CPU
		{D4B16B53-B8E8-4C89-B19C-EDC7FEF6A73D}.Debug|Any CPU.Build.0 = Debug|Any CPU
		{D4B16B53-B8E8-4C89-B19C-EDC7FEF6A73D}.Release|Any CPU.ActiveCfg = Release|Any CPU
		{D4B16B53-B8E8-4C89-B19C-EDC7FEF6A73D}.Release|Any CPU.Build.0 = Release|Any CPU
		{2D138055-E56F-4790-ADFC-D3BA2353E19D}.Debug|Any CPU.ActiveCfg = Debug|Any CPU
		{2D138055-E56F-4790-ADFC-D3BA2353E19D}.Debug|Any CPU.Build.0 = Debug|Any CPU
		{2D138055-E56F-4790-ADFC-D3BA2353E19D}.Release|Any CPU.ActiveCfg = Release|Any CPU
		{2D138055-E56F-4790-ADFC-D3BA2353E19D}.Release|Any CPU.Build.0 = Release|Any CPU
		{E6ACECB9-9EC2-43FE-A31D-C55BF16B5A2C}.Debug|Any CPU.ActiveCfg = Debug|Any CPU
		{E6ACECB9-9EC2-43FE-A31D-C55BF16B5A2C}.Debug|Any CPU.Build.0 = Debug|Any CPU
		{E6ACECB9-9EC2-43FE-A31D-C55BF16B5A2C}.Release|Any CPU.ActiveCfg = Release|Any CPU
		{E6ACECB9-9EC2-43FE-A31D-C55BF16B5A2C}.Release|Any CPU.Build.0 = Release|Any CPU
	EndGlobalSection
	GlobalSection(SolutionProperties) = preSolution
		HideSolutionNode = FALSE
	EndGlobalSection
	GlobalSection(NestedProjects) = preSolution
		{2D138055-E56F-4790-ADFC-D3BA2353E19D} = {50FC7FE8-E5D9-48CE-90BF-C849E377C243}
		{E6ACECB9-9EC2-43FE-A31D-C55BF16B5A2C} = {50FC7FE8-E5D9-48CE-90BF-C849E377C243}
	EndGlobalSection
	GlobalSection(ExtensibilityGlobals) = postSolution
		SolutionGuid = {ED04AA69-0B46-41BE-8933-75F49017C18C}
	EndGlobalSection
EndGlobal
